
Microsoft Visual Studio Solution File, Format Version 12.00
# Visual Studio Version 17
VisualStudioVersion = 17.8.34525.116
MinimumVisualStudioVersion = 10.0.40219.1
Project("{FAE04EC0-301F-11D3-BF4B-00C04F79EFBC}") = "CardGame", "CardGame\CardGame.csproj", "{80F12C31-26A4-414B-B81D-7D2B58C9AC54}"
EndProject
Global
	GlobalSection(SolutionConfigurationPlatforms) = preSolution
		Debug|Any CPU = Debug|Any CPU
		Release|Any CPU = Release|Any CPU
	EndGlobalSection
	GlobalSection(ProjectConfigurationPlatforms) = postSolution
		{80F12C31-26A4-414B-B81D-7D2B58C9AC54}.Debug|Any CPU.ActiveCfg = Debug|Any CPU
		{80F12C31-26A4-414B-B81D-7D2B58C9AC54}.Debug|Any CPU.Build.0 = Debug|Any CPU
		{80F12C31-26A4-414B-B81D-7D2B58C9AC54}.Release|Any CPU.ActiveCfg = Release|Any CPU
		{80F12C31-26A4-414B-B81D-7D2B58C9AC54}.Release|Any CPU.Build.0 = Release|Any CPU
	EndGlobalSection
	GlobalSection(SolutionProperties) = preSolution
		HideSolutionNode = FALSE
	EndGlobalSection
	GlobalSection(ExtensibilityGlobals) = postSolution
		SolutionGuid = {388A4C7B-72D8-4BCC-864B-3F3554EFDE0A}
	EndGlobalSection
EndGlobal
